
Microsoft Visual Studio Solution File, Format Version 12.00
# Visual Studio 15
VisualStudioVersion = 15.0.27004.2005
MinimumVisualStudioVersion = 10.0.40219.1
Project("{FAE04EC0-301F-11D3-BF4B-00C04F79EFBC}") = "Util", "Util\Util.csproj", "{4EEF13F7-2ED0-442C-8728-3F38EF0B82D9}"
EndProject
Project("{FAE04EC0-301F-11D3-BF4B-00C04F79EFBC}") = "Day00", "Day00\Day00.csproj", "{70571BBD-89C0-4516-8B8C-252B52C748EC}"
EndProject
Project("{FAE04EC0-301F-11D3-BF4B-00C04F79EFBC}") = "Day01", "Day01\Day01.csproj", "{405F5689-B196-469F-B630-512C4B424B4E}"
EndProject
Project("{FAE04EC0-301F-11D3-BF4B-00C04F79EFBC}") = "Day02", "Day02\Day02.csproj", "{EA4756F0-A7C3-49EA-B0FA-7B6B412FE467}"
EndProject
Project("{FAE04EC0-301F-11D3-BF4B-00C04F79EFBC}") = "Tests", "Tests\Tests.csproj", "{C3150273-ADC2-4E12-8833-6533714DC29F}"
EndProject
Project("{FAE04EC0-301F-11D3-BF4B-00C04F79EFBC}") = "Day03", "Day03\Day03.csproj", "{79C9B91D-F493-404C-8475-9AEBCBA4D07D}"
EndProject
Project("{FAE04EC0-301F-11D3-BF4B-00C04F79EFBC}") = "Day04", "Day04\Day04.csproj", "{43D48C3D-9DD8-4E67-AB96-B69318BEF365}"
EndProject
Project("{FAE04EC0-301F-11D3-BF4B-00C04F79EFBC}") = "Day05", "Day05\Day05.csproj", "{9258EF67-2536-4BC1-B66E-340198E1FDB6}"
EndProject
Global
	GlobalSection(SolutionConfigurationPlatforms) = preSolution
		Debug|Any CPU = Debug|Any CPU
		Release|Any CPU = Release|Any CPU
	EndGlobalSection
	GlobalSection(ProjectConfigurationPlatforms) = postSolution
		{4EEF13F7-2ED0-442C-8728-3F38EF0B82D9}.Debug|Any CPU.ActiveCfg = Debug|Any CPU
		{4EEF13F7-2ED0-442C-8728-3F38EF0B82D9}.Debug|Any CPU.Build.0 = Debug|Any CPU
		{4EEF13F7-2ED0-442C-8728-3F38EF0B82D9}.Release|Any CPU.ActiveCfg = Release|Any CPU
		{4EEF13F7-2ED0-442C-8728-3F38EF0B82D9}.Release|Any CPU.Build.0 = Release|Any CPU
		{70571BBD-89C0-4516-8B8C-252B52C748EC}.Debug|Any CPU.ActiveCfg = Debug|Any CPU
		{70571BBD-89C0-4516-8B8C-252B52C748EC}.Debug|Any CPU.Build.0 = Debug|Any CPU
		{70571BBD-89C0-4516-8B8C-252B52C748EC}.Release|Any CPU.ActiveCfg = Release|Any CPU
		{70571BBD-89C0-4516-8B8C-252B52C748EC}.Release|Any CPU.Build.0 = Release|Any CPU
		{405F5689-B196-469F-B630-512C4B424B4E}.Debug|Any CPU.ActiveCfg = Debug|Any CPU
		{405F5689-B196-469F-B630-512C4B424B4E}.Debug|Any CPU.Build.0 = Debug|Any CPU
		{405F5689-B196-469F-B630-512C4B424B4E}.Release|Any CPU.ActiveCfg = Release|Any CPU
		{405F5689-B196-469F-B630-512C4B424B4E}.Release|Any CPU.Build.0 = Release|Any CPU
		{EA4756F0-A7C3-49EA-B0FA-7B6B412FE467}.Debug|Any CPU.ActiveCfg = Debug|Any CPU
		{EA4756F0-A7C3-49EA-B0FA-7B6B412FE467}.Debug|Any CPU.Build.0 = Debug|Any CPU
		{EA4756F0-A7C3-49EA-B0FA-7B6B412FE467}.Release|Any CPU.ActiveCfg = Release|Any CPU
		{EA4756F0-A7C3-49EA-B0FA-7B6B412FE467}.Release|Any CPU.Build.0 = Release|Any CPU
		{C3150273-ADC2-4E12-8833-6533714DC29F}.Debug|Any CPU.ActiveCfg = Debug|Any CPU
		{C3150273-ADC2-4E12-8833-6533714DC29F}.Debug|Any CPU.Build.0 = Debug|Any CPU
		{C3150273-ADC2-4E12-8833-6533714DC29F}.Release|Any CPU.ActiveCfg = Release|Any CPU
		{C3150273-ADC2-4E12-8833-6533714DC29F}.Release|Any CPU.Build.0 = Release|Any CPU
		{79C9B91D-F493-404C-8475-9AEBCBA4D07D}.Debug|Any CPU.ActiveCfg = Debug|Any CPU
		{79C9B91D-F493-404C-8475-9AEBCBA4D07D}.Debug|Any CPU.Build.0 = Debug|Any CPU
		{79C9B91D-F493-404C-8475-9AEBCBA4D07D}.Release|Any CPU.ActiveCfg = Release|Any CPU
		{79C9B91D-F493-404C-8475-9AEBCBA4D07D}.Release|Any CPU.Build.0 = Release|Any CPU
		{43D48C3D-9DD8-4E67-AB96-B69318BEF365}.Debug|Any CPU.ActiveCfg = Debug|Any CPU
		{43D48C3D-9DD8-4E67-AB96-B69318BEF365}.Debug|Any CPU.Build.0 = Debug|Any CPU
		{43D48C3D-9DD8-4E67-AB96-B69318BEF365}.Release|Any CPU.ActiveCfg = Release|Any CPU
		{43D48C3D-9DD8-4E67-AB96-B69318BEF365}.Release|Any CPU.Build.0 = Release|Any CPU
		{9258EF67-2536-4BC1-B66E-340198E1FDB6}.Debug|Any CPU.ActiveCfg = Debug|Any CPU
		{9258EF67-2536-4BC1-B66E-340198E1FDB6}.Debug|Any CPU.Build.0 = Debug|Any CPU
		{9258EF67-2536-4BC1-B66E-340198E1FDB6}.Release|Any CPU.ActiveCfg = Release|Any CPU
		{9258EF67-2536-4BC1-B66E-340198E1FDB6}.Release|Any CPU.Build.0 = Release|Any CPU
	EndGlobalSection
	GlobalSection(SolutionProperties) = preSolution
		HideSolutionNode = FALSE
	EndGlobalSection
	GlobalSection(ExtensibilityGlobals) = postSolution
		SolutionGuid = {147A0F02-99D3-4C72-B0E3-CB1E534BBFD8}
	EndGlobalSection
EndGlobal
